<?xml version="1.0" encoding="UTF-8" standalone="yes" ?>
<CodeBlocks_project_file>
	<FileVersion major="1" minor="6" />
	<Project>
		<Option title="Widget GM" />
		<Option pch_mode="2" />
		<Option compiler="gcc" />
		<Build>
			<Target title="Debug">
				<Option output="bin/Debug/GraphicsProject" prefix_auto="1" extension_auto="1" />
				<Option object_output="obj/Debug/" />
				<Option type="1" />
				<Option compiler="gcc" />
				<Compiler>
					<Add option="-Wall" />
					<Add option="-std=c++11" />
					<Add option="-g" />
				</Compiler>
			</Target>
			<Target title="Release">
				<Option output="bin/Release/GraphicsProject" prefix_auto="1" extension_auto="1" />
				<Option object_output="obj/Release/" />
				<Option type="1" />
				<Option compiler="gcc" />
				<Compiler>
					<Add option="-fexpensive-optimizations" />
					<Add option="-O2" />
					<Add option="-g" />
				</Compiler>
			</Target>
		</Build>
		<Compiler>
			<Add option="-Wall" />
			<Add option="-fexceptions" />
			<Add directory="include" />
		</Compiler>
		<Linker>
			<Add library="lib/libgraphics.a" />
			<Add library="lib/libgraphicsd.a" />
			<Add library="lib/libsdl_ttf.a" />
			<Add library="lib/libSDL.dll.a" />
			<Add library="lib/libSDLmain.a" />
			<Add directory="lib" />
		</Linker>
		<Unit filename="\\Mac\Home\Desktop\Widget_GM\calculator.cpp" />
		<Unit filename="\\Mac\Home\Desktop\Widget_GM\include\calculator.hpp" />
		<Unit filename="include/button.cpp" />
		<Unit filename="include/button.hpp" />
		<Unit filename="include/carrent.cpp" />
		<Unit filename="include/carrent.hpp" />
		<Unit filename="include/checkbox.cpp" />
		<Unit filename="include/checkbox.hpp" />
		<Unit filename="include/dropdownmenu.cpp" />
		<Unit filename="include/dropdownmenu.hpp" />
		<Unit filename="include/dynamictextbox.cpp" />
		<Unit filename="include/dynamictextbox.hpp" />
		<Unit filename="include/graphics.hpp" />
		<Unit filename="include/numericsetter.cpp" />
		<Unit filename="include/numericsetter.hpp" />
		<Unit filename="include/staticetextbox.cpp" />
		<Unit filename="include/statictextbox.hpp" />
		<Unit filename="include/widgets.cpp" />
		<Unit filename="include/widgets.hpp" />
		<Unit filename="include/window.cpp" />
		<Unit filename="include/window.hpp" />
		<Unit filename="main.cpp" />
		<Extensions>
			<code_completion />
			<debugger />
			<envvars />
		</Extensions>
	</Project>
</CodeBlocks_project_file>
